{
  "name": "gamebot",
  "lockfileVersion": 3,
  "requires": true,
  "packages": {
    "": {
      "dependencies": {
        "numpy": "^0.0.1",
        "os": "^0.1.2",
        "seaborn": "^0.0.1-security"
      }
    },
    "node_modules/numpy": {
      "version": "0.0.1",
      "resolved": "https://registry.npmjs.org/numpy/-/numpy-0.0.1.tgz",
      "integrity": "sha512-HPoSFyRtH4dRUGjI6bzeVKgfOeNtIAWLvVWMqbaNGmWKE+npdnZ6L78TEJELgZBb+9XpL6r16vOz1jaQ7YVI7Q==",
      "license": "MIT"
    },
    "node_modules/os": {
      "version": "0.1.2",
      "resolved": "https://registry.npmjs.org/os/-/os-0.1.2.tgz",
      "integrity": "sha512-ZoXJkvAnljwvc56MbvhtKVWmSkzV712k42Is2mA0+0KTSRakq5XXuXpjZjgAt9ctzl51ojhQWakQQpmOvXWfjQ==",
      "license": "MIT"
    },
    "node_modules/seaborn": {
      "version": "0.0.1-security",
      "resolved": "https://registry.npmjs.org/seaborn/-/seaborn-0.0.1-security.tgz",
      "integrity": "sha512-ea7Iocp2q8A+xrR3z8PluVeFFxyNLxza6ws2ZLdL1bi/J5YNMolhswLb3G+1Op87LJEhNXn6Y9r8YJMR5osflQ=="
    }
  }
}
